
Microsoft Visual Studio Solution File, Format Version 12.00
# Visual Studio Version 17
VisualStudioVersion = 17.0.32112.339
MinimumVisualStudioVersion = 10.0.40219.1
Project("{FAE04EC0-301F-11D3-BF4B-00C04F79EFBC}") = "TEST2", "TEST2.csproj", "{F7C02DEC-8B31-4B02-B6BF-8CBE0DF7832B}"
EndProject
Global
	GlobalSection(SolutionConfigurationPlatforms) = preSolution
		Debug|Any CPU = Debug|Any CPU
		Release|Any CPU = Release|Any CPU
	EndGlobalSection
	GlobalSection(ProjectConfigurationPlatforms) = postSolution
		{F7C02DEC-8B31-4B02-B6BF-8CBE0DF7832B}.Debug|Any CPU.ActiveCfg = Debug|Any CPU
		{F7C02DEC-8B31-4B02-B6BF-8CBE0DF7832B}.Debug|Any CPU.Build.0 = Debug|Any CPU
		{F7C02DEC-8B31-4B02-B6BF-8CBE0DF7832B}.Release|Any CPU.ActiveCfg = Release|Any CPU
		{F7C02DEC-8B31-4B02-B6BF-8CBE0DF7832B}.Release|Any CPU.Build.0 = Release|Any CPU
	EndGlobalSection
	GlobalSection(SolutionProperties) = preSolution
		HideSolutionNode = FALSE
	EndGlobalSection
	GlobalSection(ExtensibilityGlobals) = postSolution
		SolutionGuid = {DEBE006B-4FD0-4105-8ABF-DF1549E75E6D}
	EndGlobalSection
EndGlobal
